// !$*UTF8*$!
{
	archiveVersion = 1;
	classes = {
	};
	objectVersion = 56;
	objects = {

/* Begin PBXBuildFile section */
		792F55332975ED39003DDC71 /* To_Do_List_1App.swift in Sources */ = {isa = PBXBuildFile; fileRef = 792F55322975ED39003DDC71 /* To_Do_List_1App.swift */; };
		792F55372975ED3A003DDC71 /* Assets.xcassets in Resources */ = {isa = PBXBuildFile; fileRef = 792F55362975ED3A003DDC71 /* Assets.xcassets */; };
		792F553A2975ED3A003DDC71 /* Preview Assets.xcassets in Resources */ = {isa = PBXBuildFile; fileRef = 792F55392975ED3A003DDC71 /* Preview Assets.xcassets */; };
		792F55442975ED3A003DDC71 /* To_Do_List_1Tests.swift in Sources */ = {isa = PBXBuildFile; fileRef = 792F55432975ED3A003DDC71 /* To_Do_List_1Tests.swift */; };
		792F554E2975ED3A003DDC71 /* To_Do_List_1UITests.swift in Sources */ = {isa = PBXBuildFile; fileRef = 792F554D2975ED3A003DDC71 /* To_Do_List_1UITests.swift */; };
		792F55502975ED3A003DDC71 /* To_Do_List_1UITestsLaunchTests.swift in Sources */ = {isa = PBXBuildFile; fileRef = 792F554F2975ED3A003DDC71 /* To_Do_List_1UITestsLaunchTests.swift */; };
		792F555E2975EE3B003DDC71 /* ListView.swift in Sources */ = {isa = PBXBuildFile; fileRef = 792F555D2975EE3B003DDC71 /* ListView.swift */; };
/* End PBXBuildFile section */

/* Begin PBXContainerItemProxy section */
		792F55402975ED3A003DDC71 /* PBXContainerItemProxy */ = {
			isa = PBXContainerItemProxy;
			containerPortal = 792F55272975ED39003DDC71 /* Project object */;
			proxyType = 1;
			remoteGlobalIDString = 792F552E2975ED39003DDC71;
			remoteInfo = "To Do List 1";
		};
		792F554A2975ED3A003DDC71 /* PBXContainerItemProxy */ = {
			isa = PBXContainerItemProxy;
			containerPortal = 792F55272975ED39003DDC71 /* Project object */;
			proxyType = 1;
			remoteGlobalIDString = 792F552E2975ED39003DDC71;
			remoteInfo = "To Do List 1";
		};
/* End PBXContainerItemProxy section */

/* Begin PBXFileReference section */
		792F552F2975ED39003DDC71 /* To Do List 1.app */ = {isa = PBXFileReference; explicitFileType = wrapper.application; includeInIndex = 0; path = "To Do List 1.app"; sourceTree = BUILT_PRODUCTS_DIR; };
		792F55322975ED39003DDC71 /* To_Do_List_1App.swift */ = {isa = PBXFileReference; lastKnownFileType = sourcecode.swift; path = To_Do_List_1App.swift; sourceTree = "<group>"; };
		792F55362975ED3A003DDC71 /* Assets.xcassets */ = {isa = PBXFileReference; lastKnownFileType = folder.assetcatalog; path = Assets.xcassets; sourceTree = "<group>"; };
		792F55392975ED3A003DDC71 /* Preview Assets.xcassets */ = {isa = PBXFileReference; lastKnownFileType = folder.assetcatalog; path = "Preview Assets.xcassets"; sourceTree = "<group>"; };
		792F553F2975ED3A003DDC71 /* To Do List 1Tests.xctest */ = {isa = PBXFileReference; explicitFileType = wrapper.cfbundle; includeInIndex = 0; path = "To Do List 1Tests.xctest"; sourceTree = BUILT_PRODUCTS_DIR; };
		792F55432975ED3A003DDC71 /* To_Do_List_1Tests.swift */ = {isa = PBXFileReference; lastKnownFileType = sourcecode.swift; path = To_Do_List_1Tests.swift; sourceTree = "<group>"; };
		792F55492975ED3A003DDC71 /* To Do List 1UITests.xctest */ = {isa = PBXFileReference; explicitFileType = wrapper.cfbundle; includeInIndex = 0; path = "To Do List 1UITests.xctest"; sourceTree = BUILT_PRODUCTS_DIR; };
		792F554D2975ED3A003DDC71 /* To_Do_List_1UITests.swift */ = {isa = PBXFileReference; lastKnownFileType = sourcecode.swift; path = To_Do_List_1UITests.swift; sourceTree = "<group>"; };
		792F554F2975ED3A003DDC71 /* To_Do_List_1UITestsLaunchTests.swift */ = {isa = PBXFileReference; lastKnownFileType = sourcecode.swift; path = To_Do_List_1UITestsLaunchTests.swift; sourceTree = "<group>"; };
		792F555D2975EE3B003DDC71 /* ListView.swift */ = {isa = PBXFileReference; lastKnownFileType = sourcecode.swift; path = ListView.swift; sourceTree = "<group>"; };
/* End PBXFileReference section */

/* Begin PBXFrameworksBuildPhase section */
		792F552C2975ED39003DDC71 /* Frameworks */ = {
			isa = PBXFrameworksBuildPhase;
			buildActionMask = 2147483647;
			files = (
			);
			runOnlyForDeploymentPostprocessing = 0;
		};
		792F553C2975ED3A003DDC71 /* Frameworks */ = {
			isa = PBXFrameworksBuildPhase;
			buildActionMask = 2147483647;
			files = (
			);
			runOnlyForDeploymentPostprocessing = 0;
		};
		792F55462975ED3A003DDC71 /* Frameworks */ = {
			isa = PBXFrameworksBuildPhase;
			buildActionMask = 2147483647;
			files = (
			);
			runOnlyForDeploymentPostprocessing = 0;
		};
/* End PBXFrameworksBuildPhase section */

/* Begin PBXGroup section */
		792F55262975ED39003DDC71 = {
			isa = PBXGroup;
			children = (
				792F55312975ED39003DDC71 /* To Do List 1 */,
				792F55422975ED3A003DDC71 /* To Do List 1Tests */,
				792F554C2975ED3A003DDC71 /* To Do List 1UITests */,
				792F55302975ED39003DDC71 /* Products */,
			);
			sourceTree = "<group>";
		};
		792F55302975ED39003DDC71 /* Products */ = {
			isa = PBXGroup;
			children = (
				792F552F2975ED39003DDC71 /* To Do List 1.app */,
				792F553F2975ED3A003DDC71 /* To Do List 1Tests.xctest */,
				792F55492975ED3A003DDC71 /* To Do List 1UITests.xctest */,
			);
			name = Products;
			sourceTree = "<group>";
		};
		792F55312975ED39003DDC71 /* To Do List 1 */ = {
			isa = PBXGroup;
			children = (
				792F55322975ED39003DDC71 /* To_Do_List_1App.swift */,
				792F555C2975EE19003DDC71 /* Views */,
				792F55362975ED3A003DDC71 /* Assets.xcassets */,
				792F55382975ED3A003DDC71 /* Preview Content */,
			);
			path = "To Do List 1";
			sourceTree = "<group>";
		};
		792F55382975ED3A003DDC71 /* Preview Content */ = {
			isa = PBXGroup;
			children = (
				792F55392975ED3A003DDC71 /* Preview Assets.xcassets */,
			);
			path = "Preview Content";
			sourceTree = "<group>";
		};
		792F55422975ED3A003DDC71 /* To Do List 1Tests */ = {
			isa = PBXGroup;
			children = (
				792F55432975ED3A003DDC71 /* To_Do_List_1Tests.swift */,
			);
			path = "To Do List 1Tests";
			sourceTree = "<group>";
		};
		792F554C2975ED3A003DDC71 /* To Do List 1UITests */ = {
			isa = PBXGroup;
			children = (
				792F554D2975ED3A003DDC71 /* To_Do_List_1UITests.swift */,
				792F554F2975ED3A003DDC71 /* To_Do_List_1UITestsLaunchTests.swift */,
			);
			path = "To Do List 1UITests";
			sourceTree = "<group>";
		};
		792F555C2975EE19003DDC71 /* Views */ = {
			isa = PBXGroup;
			children = (
				792F555D2975EE3B003DDC71 /* ListView.swift */,
			);
			path = Views;
			sourceTree = "<group>";
		};
/* End PBXGroup section */

/* Begin PBXNativeTarget section */
		792F552E2975ED39003DDC71 /* To Do List 1 */ = {
			isa = PBXNativeTarget;
			buildConfigurationList = 792F55532975ED3A003DDC71 /* Build configuration list for PBXNativeTarget "To Do List 1" */;
			buildPhases = (
				792F552B2975ED39003DDC71 /* Sources */,
				792F552C2975ED39003DDC71 /* Frameworks */,
				792F552D2975ED39003DDC71 /* Resources */,
			);
			buildRules = (
			);
			dependencies = (
			);
			name = "To Do List 1";
			productName = "To Do List 1";
			productReference = 792F552F2975ED39003DDC71 /* To Do List 1.app */;
			productType = "com.apple.product-type.application";
		};
		792F553E2975ED3A003DDC71 /* To Do List 1Tests */ = {
			isa = PBXNativeTarget;
			buildConfigurationList = 792F55562975ED3A003DDC71 /* Build configuration list for PBXNativeTarget "To Do List 1Tests" */;
			buildPhases = (
				792F553B2975ED3A003DDC71 /* Sources */,
				792F553C2975ED3A003DDC71 /* Frameworks */,
				792F553D2975ED3A003DDC71 /* Resources */,
			);
			buildRules = (
			);
			dependencies = (
				792F55412975ED3A003DDC71 /* PBXTargetDependency */,
			);
			name = "To Do List 1Tests";
			productName = "To Do List 1Tests";
			productReference = 792F553F2975ED3A003DDC71 /* To Do List 1Tests.xctest */;
			productType = "com.apple.product-type.bundle.unit-test";
		};
		792F55482975ED3A003DDC71 /* To Do List 1UITests */ = {
			isa = PBXNativeTarget;
			buildConfigurationList = 792F55592975ED3A003DDC71 /* Build configuration list for PBXNativeTarget "To Do List 1UITests" */;
			buildPhases = (
				792F55452975ED3A003DDC71 /* Sources */,
				792F55462975ED3A003DDC71 /* Frameworks */,
				792F55472975ED3A003DDC71 /* Resources */,
			);
			buildRules = (
			);
			dependencies = (
				792F554B2975ED3A003DDC71 /* PBXTargetDependency */,
			);
			name = "To Do List 1UITests";
			productName = "To Do List 1UITests";
			productReference = 792F55492975ED3A003DDC71 /* To Do List 1UITests.xctest */;
			productType = "com.apple.product-type.bundle.ui-testing";
		};
/* End PBXNativeTarget section */

/* Begin PBXProject section */
		792F55272975ED39003DDC71 /* Project object */ = {
			isa = PBXProject;
			attributes = {
				BuildIndependentTargetsInParallel = 1;
				LastSwiftUpdateCheck = 1420;
				LastUpgradeCheck = 1420;
				TargetAttributes = {
					792F552E2975ED39003DDC71 = {
						CreatedOnToolsVersion = 14.2;
					};
					792F553E2975ED3A003DDC71 = {
						CreatedOnToolsVersion = 14.2;
						TestTargetID = 792F552E2975ED39003DDC71;
					};
					792F55482975ED3A003DDC71 = {
						CreatedOnToolsVersion = 14.2;
						TestTargetID = 792F552E2975ED39003DDC71;
					};
				};
			};
			buildConfigurationList = 792F552A2975ED39003DDC71 /* Build configuration list for PBXProject "To Do List 1" */;
			compatibilityVersion = "Xcode 14.0";
			developmentRegion = en;
			hasScannedForEncodings = 0;
			knownRegions = (
				en,
				Base,
			);
			mainGroup = 792F55262975ED39003DDC71;
			productRefGroup = 792F55302975ED39003DDC71 /* Products */;
			projectDirPath = "";
			projectRoot = "";
			targets = (
				792F552E2975ED39003DDC71 /* To Do List 1 */,
				792F553E2975ED3A003DDC71 /* To Do List 1Tests */,
				792F55482975ED3A003DDC71 /* To Do List 1UITests */,
			);
		};
/* End PBXProject section */

/* Begin PBXResourcesBuildPhase section */
		792F552D2975ED39003DDC71 /* Resources */ = {
			isa = PBXResourcesBuildPhase;
			buildActionMask = 2147483647;
			files = (
				792F553A2975ED3A003DDC71 /* Preview Assets.xcassets in Resources */,
				792F55372975ED3A003DDC71 /* Assets.xcassets in Resources */,
			);
			runOnlyForDeploymentPostprocessing = 0;
		};
		792F553D2975ED3A003DDC71 /* Resources */ = {
			isa = PBXResourcesBuildPhase;
			buildActionMask = 2147483647;
			files = (
			);
			runOnlyForDeploymentPostprocessing = 0;
		};
		792F55472975ED3A003DDC71 /* Resources */ = {
			isa = PBXResourcesBuildPhase;
			buildActionMask = 2147483647;
			files = (
			);
			runOnlyForDeploymentPostprocessing = 0;
		};
/* End PBXResourcesBuildPhase section */

/* Begin PBXSourcesBuildPhase section */
		792F552B2975ED39003DDC71 /* Sources */ = {
			isa = PBXSourcesBuildPhase;
			buildActionMask = 2147483647;
			files = (
				792F55332975ED39003DDC71 /* To_Do_List_1App.swift in Sources */,
				792F555E2975EE3B003DDC71 /* ListView.swift in Sources */,
			);
			runOnlyForDeploymentPostprocessing = 0;
		};
		792F553B2975ED3A003DDC71 /* Sources */ = {
			isa = PBXSourcesBuildPhase;
			buildActionMask = 2147483647;
			files = (
				792F55442975ED3A003DDC71 /* To_Do_List_1Tests.swift in Sources */,
			);
			runOnlyForDeploymentPostprocessing = 0;
		};
		792F55452975ED3A003DDC71 /* Sources */ = {
			isa = PBXSourcesBuildPhase;
			buildActionMask = 2147483647;
			files = (
				792F55502975ED3A003DDC71 /* To_Do_List_1UITestsLaunchTests.swift in Sources */,
				792F554E2975ED3A003DDC71 /* To_Do_List_1UITests.swift in Sources */,
			);
			runOnlyForDeploymentPostprocessing = 0;
		};
/* End PBXSourcesBuildPhase section */

/* Begin PBXTargetDependency section */
		792F55412975ED3A003DDC71 /* PBXTargetDependency */ = {
			isa = PBXTargetDependency;
			target = 792F552E2975ED39003DDC71 /* To Do List 1 */;
			targetProxy = 792F55402975ED3A003DDC71 /* PBXContainerItemProxy */;
		};
		792F554B2975ED3A003DDC71 /* PBXTargetDependency */ = {
			isa = PBXTargetDependency;
			target = 792F552E2975ED39003DDC71 /* To Do List 1 */;
			targetProxy = 792F554A2975ED3A003DDC71 /* PBXContainerItemProxy */;
		};
/* End PBXTargetDependency section */

/* Begin XCBuildConfiguration section */
		792F55512975ED3A003DDC71 /* Debug */ = {
			isa = XCBuildConfiguration;
			buildSettings = {
				ALWAYS_SEARCH_USER_PATHS = NO;
				CLANG_ANALYZER_NONNULL = YES;
				CLANG_ANALYZER_NUMBER_OBJECT_CONVERSION = YES_AGGRESSIVE;
				CLANG_CXX_LANGUAGE_STANDARD = "gnu++20";
				CLANG_ENABLE_MODULES = YES;
				CLANG_ENABLE_OBJC_ARC = YES;
				CLANG_ENABLE_OBJC_WEAK = YES;
				CLANG_WARN_BLOCK_CAPTURE_AUTORELEASING = YES;
				CLANG_WARN_BOOL_CONVERSION = YES;
				CLANG_WARN_COMMA = YES;
				CLANG_WARN_CONSTANT_CONVERSION = YES;
				CLANG_WARN_DEPRECATED_OBJC_IMPLEMENTATIONS = YES;
				CLANG_WARN_DIRECT_OBJC_ISA_USAGE = YES_ERROR;
				CLANG_WARN_DOCUMENTATION_COMMENTS = YES;
				CLANG_WARN_EMPTY_BODY = YES;
				CLANG_WARN_ENUM_CONVERSION = YES;
				CLANG_WARN_INFINITE_RECURSION = YES;
				CLANG_WARN_INT_CONVERSION = YES;
				CLANG_WARN_NON_LITERAL_NULL_CONVERSION = YES;
				CLANG_WARN_OBJC_IMPLICIT_RETAIN_SELF = YES;
				CLANG_WARN_OBJC_LITERAL_CONVERSION = YES;
				CLANG_WARN_OBJC_ROOT_CLASS = YES_ERROR;
				CLANG_WARN_QUOTED_INCLUDE_IN_FRAMEWORK_HEADER = YES;
				CLANG_WARN_RANGE_LOOP_ANALYSIS = YES;
				CLANG_WARN_STRICT_PROTOTYPES = YES;
				CLANG_WARN_SUSPICIOUS_MOVE = YES;
				CLANG_WARN_UNGUARDED_AVAILABILITY = YES_AGGRESSIVE;
				CLANG_WARN_UNREACHABLE_CODE = YES;
				CLANG_WARN__DUPLICATE_METHOD_MATCH = YES;
				COPY_PHASE_STRIP = NO;
				DEBUG_INFORMATION_FORMAT = dwarf;
				ENABLE_STRICT_OBJC_MSGSEND = YES;
				ENABLE_TESTABILITY = YES;
				GCC_C_LANGUAGE_STANDARD = gnu11;
				GCC_DYNAMIC_NO_PIC = NO;
				GCC_NO_COMMON_BLOCKS = YES;
				GCC_OPTIMIZATION_LEVEL = 0;
				GCC_PREPROCESSOR_DEFINITIONS = (
					"DEBUG=1",
					"$(inherited)",
				);
				GCC_WARN_64_TO_32_BIT_CONVERSION = YES;
				GCC_WARN_ABOUT_RETURN_TYPE = YES_ERROR;
				GCC_WARN_UNDECLARED_SELECTOR = YES;
				GCC_WARN_UNINITIALIZED_AUTOS = YES_AGGRESSIVE;
				GCC_WARN_UNUSED_FUNCTION = YES;
				GCC_WARN_UNUSED_VARIABLE = YES;
				IPHONEOS_DEPLOYMENT_TARGET = 16.2;
				MTL_ENABLE_DEBUG_INFO = INCLUDE_SOURCE;
				MTL_FAST_MATH = YES;
				ONLY_ACTIVE_ARCH = YES;
				SDKROOT = iphoneos;
				SWIFT_ACTIVE_COMPILATION_CONDITIONS = DEBUG;
				SWIFT_OPTIMIZATION_LEVEL = "-Onone";
			};
			name = Debug;
		};
		792F55522975ED3A003DDC71 /* Release */ = {
			isa = XCBuildConfiguration;
			buildSettings = {
				ALWAYS_SEARCH_USER_PATHS = NO;
				CLANG_ANALYZER_NONNULL = YES;
				CLANG_ANALYZER_NUMBER_OBJECT_CONVERSION = YES_AGGRESSIVE;
				CLANG_CXX_LANGUAGE_STANDARD = "gnu++20";
				CLANG_ENABLE_MODULES = YES;
				CLANG_ENABLE_OBJC_ARC = YES;
				CLANG_ENABLE_OBJC_WEAK = YES;
				CLANG_WARN_BLOCK_CAPTURE_AUTORELEASING = YES;
				CLANG_WARN_BOOL_CONVERSION = YES;
				CLANG_WARN_COMMA = YES;
				CLANG_WARN_CONSTANT_CONVERSION = YES;
				CLANG_WARN_DEPRECATED_OBJC_IMPLEMENTATIONS = YES;
				CLANG_WARN_DIRECT_OBJC_ISA_USAGE = YES_ERROR;
				CLANG_WARN_DOCUMENTATION_COMMENTS = YES;
				CLANG_WARN_EMPTY_BODY = YES;
				CLANG_WARN_ENUM_CONVERSION = YES;
				CLANG_WARN_INFINITE_RECURSION = YES;
				CLANG_WARN_INT_CONVERSION = YES;
				CLANG_WARN_NON_LITERAL_NULL_CONVERSION = YES;
				CLANG_WARN_OBJC_IMPLICIT_RETAIN_SELF = YES;
				CLANG_WARN_OBJC_LITERAL_CONVERSION = YES;
				CLANG_WARN_OBJC_ROOT_CLASS = YES_ERROR;
				CLANG_WARN_QUOTED_INCLUDE_IN_FRAMEWORK_HEADER = YES;
				CLANG_WARN_RANGE_LOOP_ANALYSIS = YES;
				CLANG_WARN_STRICT_PROTOTYPES = YES;
				CLANG_WARN_SUSPICIOUS_MOVE = YES;
				CLANG_WARN_UNGUARDED_AVAILABILITY = YES_AGGRESSIVE;
				CLANG_WARN_UNREACHABLE_CODE = YES;
				CLANG_WARN__DUPLICATE_METHOD_MATCH = YES;
				COPY_PHASE_STRIP = NO;
				DEBUG_INFORMATION_FORMAT = "dwarf-with-dsym";
				ENABLE_NS_ASSERTIONS = NO;
				ENABLE_STRICT_OBJC_MSGSEND = YES;
				GCC_C_LANGUAGE_STANDARD = gnu11;
				GCC_NO_COMMON_BLOCKS = YES;
				GCC_WARN_64_TO_32_BIT_CONVERSION = YES;
				GCC_WARN_ABOUT_RETURN_TYPE = YES_ERROR;
				GCC_WARN_UNDECLARED_SELECTOR = YES;
				GCC_WARN_UNINITIALIZED_AUTOS = YES_AGGRESSIVE;
				GCC_WARN_UNUSED_FUNCTION = YES;
				GCC_WARN_UNUSED_VARIABLE = YES;
				IPHONEOS_DEPLOYMENT_TARGET = 16.2;
				MTL_ENABLE_DEBUG_INFO = NO;
				MTL_FAST_MATH = YES;
				SDKROOT = iphoneos;
				SWIFT_COMPILATION_MODE = wholemodule;
				SWIFT_OPTIMIZATION_LEVEL = "-O";
				VALIDATE_PRODUCT = YES;
			};
			name = Release;
		};
		792F55542975ED3A003DDC71 /* Debug */ = {
			isa = XCBuildConfiguration;
			buildSettings = {
				ASSETCATALOG_COMPILER_APPICON_NAME = AppIcon;
				ASSETCATALOG_COMPILER_GLOBAL_ACCENT_COLOR_NAME = AccentColor;
				CODE_SIGN_STYLE = Automatic;
				CURRENT_PROJECT_VERSION = 1;
				DEVELOPMENT_ASSET_PATHS = "\"To Do List 1/Preview Content\"";
				ENABLE_PREVIEWS = YES;
				GENERATE_INFOPLIST_FILE = YES;
				INFOPLIST_KEY_UIApplicationSceneManifest_Generation = YES;
				INFOPLIST_KEY_UIApplicationSupportsIndirectInputEvents = YES;
				INFOPLIST_KEY_UILaunchScreen_Generation = YES;
				INFOPLIST_KEY_UISupportedInterfaceOrientations_iPad = "UIInterfaceOrientationPortrait UIInterfaceOrientationPortraitUpsideDown UIInterfaceOrientationLandscapeLeft UIInterfaceOrientationLandscapeRight";
				INFOPLIST_KEY_UISupportedInterfaceOrientations_iPhone = "UIInterfaceOrientationPortrait UIInterfaceOrientationLandscapeLeft UIInterfaceOrientationLandscapeRight";
				LD_RUNPATH_SEARCH_PATHS = (
					"$(inherited)",
					"@executable_path/Frameworks",
				);
				MARKETING_VERSION = 1.0;
				PRODUCT_BUNDLE_IDENTIFIER = "info.To-Do-List-1";
				PRODUCT_NAME = "$(TARGET_NAME)";
				SWIFT_EMIT_LOC_STRINGS = YES;
				SWIFT_VERSION = 5.0;
				TARGETED_DEVICE_FAMILY = "1,2";
			};
			name = Debug;
		};
		792F55552975ED3A003DDC71 /* Release */ = {
			isa = XCBuildConfiguration;
			buildSettings = {
				ASSETCATALOG_COMPILER_APPICON_NAME = AppIcon;
				ASSETCATALOG_COMPILER_GLOBAL_ACCENT_COLOR_NAME = AccentColor;
				CODE_SIGN_STYLE = Automatic;
				CURRENT_PROJECT_VERSION = 1;
				DEVELOPMENT_ASSET_PATHS = "\"To Do List 1/Preview Content\"";
				ENABLE_PREVIEWS = YES;
				GENERATE_INFOPLIST_FILE = YES;
				INFOPLIST_KEY_UIApplicationSceneManifest_Generation = YES;
				INFOPLIST_KEY_UIApplicationSupportsIndirectInputEvents = YES;
				INFOPLIST_KEY_UILaunchScreen_Generation = YES;
				INFOPLIST_KEY_UISupportedInterfaceOrientations_iPad = "UIInterfaceOrientationPortrait UIInterfaceOrientationPortraitUpsideDown UIInterfaceOrientationLandscapeLeft UIInterfaceOrientationLandscapeRight";
				INFOPLIST_KEY_UISupportedInterfaceOrientations_iPhone = "UIInterfaceOrientationPortrait UIInterfaceOrientationLandscapeLeft UIInterfaceOrientationLandscapeRight";
				LD_RUNPATH_SEARCH_PATHS = (
					"$(inherited)",
					"@executable_path/Frameworks",
				);
				MARKETING_VERSION = 1.0;
				PRODUCT_BUNDLE_IDENTIFIER = "info.To-Do-List-1";
				PRODUCT_NAME = "$(TARGET_NAME)";
				SWIFT_EMIT_LOC_STRINGS = YES;
				SWIFT_VERSION = 5.0;
				TARGETED_DEVICE_FAMILY = "1,2";
			};
			name = Release;
		};
		792F55572975ED3A003DDC71 /* Debug */ = {
			isa = XCBuildConfiguration;
			buildSettings = {
				ALWAYS_EMBED_SWIFT_STANDARD_LIBRARIES = YES;
				BUNDLE_LOADER = "$(TEST_HOST)";
				CODE_SIGN_STYLE = Automatic;
				CURRENT_PROJECT_VERSION = 1;
				GENERATE_INFOPLIST_FILE = YES;
				IPHONEOS_DEPLOYMENT_TARGET = 16.2;
				MARKETING_VERSION = 1.0;
				PRODUCT_BUNDLE_IDENTIFIER = "info.To-Do-List-1Tests";
				PRODUCT_NAME = "$(TARGET_NAME)";
				SWIFT_EMIT_LOC_STRINGS = NO;
				SWIFT_VERSION = 5.0;
				TARGETED_DEVICE_FAMILY = "1,2";
				TEST_HOST = "$(BUILT_PRODUCTS_DIR)/To Do List 1.app/$(BUNDLE_EXECUTABLE_FOLDER_PATH)/To Do List 1";
			};
			name = Debug;
		};
		792F55582975ED3A003DDC71 /* Release */ = {
			isa = XCBuildConfiguration;
			buildSettings = {
				ALWAYS_EMBED_SWIFT_STANDARD_LIBRARIES = YES;
				BUNDLE_LOADER = "$(TEST_HOST)";
				CODE_SIGN_STYLE = Automatic;
				CURRENT_PROJECT_VERSION = 1;
				GENERATE_INFOPLIST_FILE = YES;
				IPHONEOS_DEPLOYMENT_TARGET = 16.2;
				MARKETING_VERSION = 1.0;
				PRODUCT_BUNDLE_IDENTIFIER = "info.To-Do-List-1Tests";
				PRODUCT_NAME = "$(TARGET_NAME)";
				SWIFT_EMIT_LOC_STRINGS = NO;
				SWIFT_VERSION = 5.0;
				TARGETED_DEVICE_FAMILY = "1,2";
				TEST_HOST = "$(BUILT_PRODUCTS_DIR)/To Do List 1.app/$(BUNDLE_EXECUTABLE_FOLDER_PATH)/To Do List 1";
			};
			name = Release;
		};
		792F555A2975ED3A003DDC71 /* Debug */ = {
			isa = XCBuildConfiguration;
			buildSettings = {
				ALWAYS_EMBED_SWIFT_STANDARD_LIBRARIES = YES;
				CODE_SIGN_STYLE = Automatic;
				CURRENT_PROJECT_VERSION = 1;
				GENERATE_INFOPLIST_FILE = YES;
				MARKETING_VERSION = 1.0;
				PRODUCT_BUNDLE_IDENTIFIER = "info.To-Do-List-1UITests";
				PRODUCT_NAME = "$(TARGET_NAME)";
				SWIFT_EMIT_LOC_STRINGS = NO;
				SWIFT_VERSION = 5.0;
				TARGETED_DEVICE_FAMILY = "1,2";
				TEST_TARGET_NAME = "To Do List 1";
			};
			name = Debug;
		};
		792F555B2975ED3A003DDC71 /* Release */ = {
			isa = XCBuildConfiguration;
			buildSettings = {
				ALWAYS_EMBED_SWIFT_STANDARD_LIBRARIES = YES;
				CODE_SIGN_STYLE = Automatic;
				CURRENT_PROJECT_VERSION = 1;
				GENERATE_INFOPLIST_FILE = YES;
				MARKETING_VERSION = 1.0;
				PRODUCT_BUNDLE_IDENTIFIER = "info.To-Do-List-1UITests";
				PRODUCT_NAME = "$(TARGET_NAME)";
				SWIFT_EMIT_LOC_STRINGS = NO;
				SWIFT_VERSION = 5.0;
				TARGETED_DEVICE_FAMILY = "1,2";
				TEST_TARGET_NAME = "To Do List 1";
			};
			name = Release;
		};
/* End XCBuildConfiguration section */

/* Begin XCConfigurationList section */
		792F552A2975ED39003DDC71 /* Build configuration list for PBXProject "To Do List 1" */ = {
			isa = XCConfigurationList;
			buildConfigurations = (
				792F55512975ED3A003DDC71 /* Debug */,
				792F55522975ED3A003DDC71 /* Release */,
			);
			defaultConfigurationIsVisible = 0;
			defaultConfigurationName = Release;
		};
		792F55532975ED3A003DDC71 /* Build configuration list for PBXNativeTarget "To Do List 1" */ = {
			isa = XCConfigurationList;
			buildConfigurations = (
				792F55542975ED3A003DDC71 /* Debug */,
				792F55552975ED3A003DDC71 /* Release */,
			);
			defaultConfigurationIsVisible = 0;
			defaultConfigurationName = Release;
		};
		792F55562975ED3A003DDC71 /* Build configuration list for PBXNativeTarget "To Do List 1Tests" */ = {
			isa = XCConfigurationList;
			buildConfigurations = (
				792F55572975ED3A003DDC71 /* Debug */,
				792F55582975ED3A003DDC71 /* Release */,
			);
			defaultConfigurationIsVisible = 0;
			defaultConfigurationName = Release;
		};
		792F55592975ED3A003DDC71 /* Build configuration list for PBXNativeTarget "To Do List 1UITests" */ = {
			isa = XCConfigurationList;
			buildConfigurations = (
				792F555A2975ED3A003DDC71 /* Debug */,
				792F555B2975ED3A003DDC71 /* Release */,
			);
			defaultConfigurationIsVisible = 0;
			defaultConfigurationName = Release;
		};
/* End XCConfigurationList section */
	};
	rootObject = 792F55272975ED39003DDC71 /* Project object */;
}
